
Microsoft Visual Studio Solution File, Format Version 12.00
# Visual Studio Version 16
VisualStudioVersion = 25.0.1706.7
MinimumVisualStudioVersion = 10.0.40219.1
Project("{FAE04EC0-301F-11D3-BF4B-00C04F79EFBC}") = "CalculatorApp", "CalculatorApp\CalculatorApp.csproj", "{97000844-9461-48A0-8380-A448D6A480A4}"
EndProject
Project("{FAE04EC0-301F-11D3-BF4B-00C04F79EFBC}") = "CalculatorAppTest", "CalculatorAppTest\CalculatorAppTest.csproj", "{37351767-9F2B-4094-B0E4-4C3A405B393E}"
EndProject
Global
	GlobalSection(SolutionConfigurationPlatforms) = preSolution
		Debug|Any CPU = Debug|Any CPU
		Release|Any CPU = Release|Any CPU
	EndGlobalSection
	GlobalSection(ProjectConfigurationPlatforms) = postSolution
		{97000844-9461-48A0-8380-A448D6A480A4}.Debug|Any CPU.ActiveCfg = Debug|Any CPU
		{97000844-9461-48A0-8380-A448D6A480A4}.Debug|Any CPU.Build.0 = Debug|Any CPU
		{97000844-9461-48A0-8380-A448D6A480A4}.Release|Any CPU.ActiveCfg = Release|Any CPU
		{97000844-9461-48A0-8380-A448D6A480A4}.Release|Any CPU.Build.0 = Release|Any CPU
		{37351767-9F2B-4094-B0E4-4C3A405B393E}.Debug|Any CPU.ActiveCfg = Debug|Any CPU
		{37351767-9F2B-4094-B0E4-4C3A405B393E}.Debug|Any CPU.Build.0 = Debug|Any CPU
		{37351767-9F2B-4094-B0E4-4C3A405B393E}.Release|Any CPU.ActiveCfg = Release|Any CPU
		{37351767-9F2B-4094-B0E4-4C3A405B393E}.Release|Any CPU.Build.0 = Release|Any CPU
	EndGlobalSection
	GlobalSection(SolutionProperties) = preSolution
		HideSolutionNode = FALSE
	EndGlobalSection
	GlobalSection(ExtensibilityGlobals) = postSolution
		SolutionGuid = {24F032CF-6109-48B3-ACE6-29428A348942}
	EndGlobalSection
EndGlobal
